# THIS IS AN AUTOGENERATED FILE. DO NOT EDIT THIS FILE DIRECTLY.
# yarn lockfile v1


ajv@^6.5.5:
  version "6.12.0"
  resolved "https://upsidetravel.jfrog.io/upsidetravel/api/npm/npm-virtual/ajv/-/ajv-6.12.0.tgz#06d60b96d87b8454a5adaba86e7854da629db4b7"
  integrity sha1-BtYLlth7hFSlrauobnhU2mKdtLc=
  dependencies:
    fast-deep-equal "^3.1.1"
    fast-json-stable-stringify "^2.0.0"
    json-schema-traverse "^0.4.1"
    uri-js "^4.2.2"

ansi-regex@^2.0.0:
  version "2.1.1"
  resolved "https://upsidetravel.jfrog.io/upsidetravel/api/npm/npm-virtual/ansi-regex/-/ansi-regex-2.1.1.tgz#c3b33ab5ee360d86e0e628f0468ae7ef27d654df"
  integrity sha1-w7M6te42DYbg5ijwRorn7yfWVN8=

ansi-styles@^2.2.1:
  version "2.2.1"
  resolved "https://upsidetravel.jfrog.io/upsidetravel/api/npm/npm-virtual/ansi-styles/-/ansi-styles-2.2.1.tgz#b432dd3358b634cf75e1e4664368240533c1ddbe"
  integrity sha1-tDLdM1i2NM914eRmQ2gkBTPB3b4=

anymatch@^3.0.1:
  version "3.1.1"
  resolved "https://upsidetravel.jfrog.io/upsidetravel/api/npm/npm-virtual/anymatch/-/anymatch-3.1.1.tgz#c55ecf02185e2469259399310c173ce31233b142"
  integrity sha1-xV7PAhheJGklk5kxDBc84xIzsUI=
  dependencies:
    normalize-path "^3.0.0"
    picomatch "^2.0.4"

asn1@~0.2.3:
  version "0.2.4"
  resolved "https://upsidetravel.jfrog.io/upsidetravel/api/npm/npm-virtual/asn1/-/asn1-0.2.4.tgz#8d2475dfab553bb33e77b54e59e880bb8ce23136"
  integrity sha1-jSR136tVO7M+d7VOWeiAu4ziMTY=
  dependencies:
    safer-buffer "~2.1.0"

assert-plus@1.0.0, assert-plus@^1.0.0:
  version "1.0.0"
  resolved "https://upsidetravel.jfrog.io/upsidetravel/api/npm/npm-virtual/assert-plus/-/assert-plus-1.0.0.tgz#f12e0f3c5d77b0b1cdd9146942e4e96c1e4dd525"
  integrity sha1-8S4PPF13sLHN2RRpQuTpbB5N1SU=

async-limiter@^1.0.0:
  version "1.0.1"
  resolved "https://upsidetravel.jfrog.io/upsidetravel/api/npm/npm-virtual/async-limiter/-/async-limiter-1.0.1.tgz#dd379e94f0db8310b08291f9d64c3209766617fd"
  integrity sha1-3TeelPDbgxCwgpH51kwyCXZmF/0=

asynckit@^0.4.0:
  version "0.4.0"
  resolved "https://upsidetravel.jfrog.io/upsidetravel/api/npm/npm-virtual/asynckit/-/asynckit-0.4.0.tgz#c79ed97f7f34cb8f2ba1bc9790bcc366474b4b79"
  integrity sha1-x57Zf380y48robyXkLzDZkdLS3k=

aws-sign2@~0.7.0:
  version "0.7.0"
  resolved "https://upsidetravel.jfrog.io/upsidetravel/api/npm/npm-virtual/aws-sign2/-/aws-sign2-0.7.0.tgz#b46e890934a9591f2d2f6f86d7e6a9f1b3fe76a8"
  integrity sha1-tG6JCTSpWR8tL2+G1+ap8bP+dqg=

aws4@^1.8.0:
  version "1.9.1"
  resolved "https://upsidetravel.jfrog.io/upsidetravel/api/npm/npm-virtual/aws4/-/aws4-1.9.1.tgz#7e33d8f7d449b3f673cd72deb9abdc552dbe528e"
  integrity sha1-fjPY99RJs/ZzzXLeuavcVS2+Uo4=

bcrypt-pbkdf@^1.0.0:
  version "1.0.2"
  resolved "https://upsidetravel.jfrog.io/upsidetravel/api/npm/npm-virtual/bcrypt-pbkdf/-/bcrypt-pbkdf-1.0.2.tgz#a4301d389b6a43f9b67ff3ca11a3f6637e360e9e"
  integrity sha1-pDAdOJtqQ/m2f/PKEaP2Y342Dp4=
  dependencies:
    tweetnacl "^0.14.3"

binary-extensions@^2.0.0:
  version "2.0.0"
  resolved "https://upsidetravel.jfrog.io/upsidetravel/api/npm/npm-virtual/binary-extensions/-/binary-extensions-2.0.0.tgz#23c0df14f6a88077f5f986c0d167ec03c3d5537c"
  integrity sha1-I8DfFPaogHf1+YbA0WfsA8PVU3w=

binary@^0.3.0:
  version "0.3.0"
  resolved "https://upsidetravel.jfrog.io/upsidetravel/api/npm/npm-virtual/binary/-/binary-0.3.0.tgz#9f60553bc5ce8c3386f3b553cff47462adecaa79"
  integrity sha1-n2BVO8XOjDOG87VTz/R0Yq3sqnk=
  dependencies:
    buffers "~0.1.1"
    chainsaw "~0.1.0"

binwrap@^0.2.2:
  version "0.2.2"
  resolved "https://upsidetravel.jfrog.io/upsidetravel/api/npm/npm-virtual/binwrap/-/binwrap-0.2.2.tgz#7d1ea74b28332f18dfdc75548aef993041ffafc9"
  integrity sha1-fR6nSygzLxjf3HVUiu+ZMEH/r8k=
  dependencies:
    mustache "^3.0.1"
    request "^2.88.0"
    request-promise "^4.2.4"
    tar "^4.4.10"
    unzip-stream "^0.3.0"

bluebird@^3.5.0:
  version "3.7.2"
  resolved "https://upsidetravel.jfrog.io/upsidetravel/api/npm/npm-virtual/bluebird/-/bluebird-3.7.2.tgz#9f229c15be272454ffa973ace0dbee79a1b0c36f"
  integrity sha1-nyKcFb4nJFT/qXOs4NvueaGww28=

braces@^3.0.2:
  version "3.0.2"
  resolved "https://upsidetravel.jfrog.io/upsidetravel/api/npm/npm-virtual/braces/-/braces-3.0.2.tgz#3454e1a462ee8d599e236df336cd9ea4f8afe107"
  integrity sha1-NFThpGLujVmeI23zNs2epPiv4Qc=
  dependencies:
    fill-range "^7.0.1"

buffers@~0.1.1:
  version "0.1.1"
  resolved "https://upsidetravel.jfrog.io/upsidetravel/api/npm/npm-virtual/buffers/-/buffers-0.1.1.tgz#b24579c3bed4d6d396aeee6d9a8ae7f5482ab7bb"
  integrity sha1-skV5w77U1tOWru5tmorn9Ugqt7s=

caseless@~0.12.0:
  version "0.12.0"
  resolved "https://upsidetravel.jfrog.io/upsidetravel/api/npm/npm-virtual/caseless/-/caseless-0.12.0.tgz#1b681c21ff84033c826543090689420d187151dc"
  integrity sha1-G2gcIf+EAzyCZUMJBolCDRhxUdw=

chainsaw@~0.1.0:
  version "0.1.0"
  resolved "https://upsidetravel.jfrog.io/upsidetravel/api/npm/npm-virtual/chainsaw/-/chainsaw-0.1.0.tgz#5eab50b28afe58074d0d58291388828b5e5fbc98"
  integrity sha1-XqtQsor+WAdNDVgpE4iCi15fvJg=
  dependencies:
    traverse ">=0.3.0 <0.4"

chalk@^1.1.1:
  version "1.1.3"
  resolved "https://upsidetravel.jfrog.io/upsidetravel/api/npm/npm-virtual/chalk/-/chalk-1.1.3.tgz#a8115c55e4a702fe4d150abd3872822a7e09fc98"
  integrity sha1-qBFcVeSnAv5NFQq9OHKCKn4J/Jg=
  dependencies:
    ansi-styles "^2.2.1"
    escape-string-regexp "^1.0.2"
    has-ansi "^2.0.0"
    strip-ansi "^3.0.0"
    supports-color "^2.0.0"

charenc@~0.0.1:
  version "0.0.2"
  resolved "https://upsidetravel.jfrog.io/upsidetravel/api/npm/npm-virtual/charenc/-/charenc-0.0.2.tgz#c0a1d2f3a7092e03774bfa83f14c0fc5790a8667"
  integrity sha1-wKHS86cJLgN3S/qD8UwPxXkKhmc=

chokidar@3.0.2:
  version "3.0.2"
  resolved "https://upsidetravel.jfrog.io/upsidetravel/api/npm/npm-virtual/chokidar/-/chokidar-3.0.2.tgz#0d1cd6d04eb2df0327446188cd13736a3367d681"
  integrity sha1-DRzW0E6y3wMnRGGIzRNzajNn1oE=
  dependencies:
    anymatch "^3.0.1"
    braces "^3.0.2"
    glob-parent "^5.0.0"
    is-binary-path "^2.1.0"
    is-glob "^4.0.1"
    normalize-path "^3.0.0"
    readdirp "^3.1.1"
  optionalDependencies:
    fsevents "^2.0.6"

chownr@^1.1.1:
  version "1.1.4"
  resolved "https://upsidetravel.jfrog.io/upsidetravel/api/npm/npm-virtual/chownr/-/chownr-1.1.4.tgz#6fc9d7b42d32a583596337666e7d08084da2cc6b"
  integrity sha1-b8nXtC0ypYNZYzdmbn0ICE2izGs=

combined-stream@^1.0.6, combined-stream@~1.0.6:
  version "1.0.8"
  resolved "https://upsidetravel.jfrog.io/upsidetravel/api/npm/npm-virtual/combined-stream/-/combined-stream-1.0.8.tgz#c3d45a8b34fd730631a110a8a2520682b31d5a7f"
  integrity sha1-w9RaizT9cwYxoRCoolIGgrMdWn8=
  dependencies:
    delayed-stream "~1.0.0"

commander@2.17.1:
  version "2.17.1"
  resolved "https://upsidetravel.jfrog.io/upsidetravel/api/npm/npm-virtual/commander/-/commander-2.17.1.tgz#bd77ab7de6de94205ceacc72f1716d29f20a77bf"
  integrity sha1-vXerfebelCBc6sxy8XFtKfIKd78=

core-util-is@1.0.2:
  version "1.0.2"
  resolved "https://upsidetravel.jfrog.io/upsidetravel/api/npm/npm-virtual/core-util-is/-/core-util-is-1.0.2.tgz#b5fd54220aa2bc5ab57aab7140c940754503c1a7"
  integrity sha1-tf1UIgqivFq1eqtxQMlAdUUDwac=

crocks@0.12.1:
  version "0.12.1"
  resolved "https://upsidetravel.jfrog.io/upsidetravel/api/npm/npm-virtual/crocks/-/crocks-0.12.1.tgz#cd5d552da2c0291b0fb72c35f7f66751f458d604"
  integrity sha1-zV1VLaLAKRsPtyw19/ZnUfRY1gQ=

cross-spawn@5.0.1:
  version "5.0.1"
  resolved "https://upsidetravel.jfrog.io/upsidetravel/api/npm/npm-virtual/cross-spawn/-/cross-spawn-5.0.1.tgz#a3bbb302db2297cbea3c04edf36941f4613aa399"
  integrity sha1-o7uzAtsil8vqPATt82lB9GE6o5k=
  dependencies:
    lru-cache "^4.0.1"
    shebang-command "^1.2.0"
    which "^1.2.9"

cross-spawn@^6.0.0:
  version "6.0.5"
  resolved "https://upsidetravel.jfrog.io/upsidetravel/api/npm/npm-virtual/cross-spawn/-/cross-spawn-6.0.5.tgz#4a5ec7c64dfae22c3a14124dbacdee846d80cbc4"
  integrity sha1-Sl7Hxk364iw6FBJNus3uhG2Ay8Q=
  dependencies:
    nice-try "^1.0.4"
    path-key "^2.0.1"
    semver "^5.5.0"
    shebang-command "^1.2.0"
    which "^1.2.9"

crypt@~0.0.1:
  version "0.0.2"
  resolved "https://upsidetravel.jfrog.io/upsidetravel/api/npm/npm-virtual/crypt/-/crypt-0.0.2.tgz#88d7ff7ec0dfb86f713dc87bbb42d044d3e6c41b"
  integrity sha1-iNf/fsDfuG9xPch7u0LQRNPmxBs=

dashdash@^1.12.0:
  version "1.14.1"
  resolved "https://upsidetravel.jfrog.io/upsidetravel/api/npm/npm-virtual/dashdash/-/dashdash-1.14.1.tgz#853cfa0f7cbe2fed5de20326b8dd581035f6e2f0"
  integrity sha1-hTz6D3y+L+1d4gMmuN1YEDX24vA=
  dependencies:
    assert-plus "^1.0.0"

debug@2.6.9:
  version "2.6.9"
  resolved "https://upsidetravel.jfrog.io/upsidetravel/api/npm/npm-virtual/debug/-/debug-2.6.9.tgz#5d128515df134ff327e90a4c93f4e077a536341f"
  integrity sha1-XRKFFd8TT/Mn6QpMk/Tgd6U2NB8=
  dependencies:
    ms "2.0.0"

debug@^3.0.0:
  version "3.2.6"
  resolved "https://upsidetravel.jfrog.io/upsidetravel/api/npm/npm-virtual/debug/-/debug-3.2.6.tgz#e83d17de16d8a7efb7717edbe5fb10135eee629b"
  integrity sha1-6D0X3hbYp++3cX7b5fsQE17uYps=
  dependencies:
    ms "^2.1.1"

default-gateway@^4.2.0:
  version "4.2.0"
  resolved "https://upsidetravel.jfrog.io/upsidetravel/api/npm/npm-virtual/default-gateway/-/default-gateway-4.2.0.tgz#167104c7500c2115f6dd69b0a536bb8ed720552b"
  integrity sha1-FnEEx1AMIRX23WmwpTa7jtcgVSs=
  dependencies:
    execa "^1.0.0"
    ip-regex "^2.1.0"

delayed-stream@~1.0.0:
  version "1.0.0"
  resolved "https://upsidetravel.jfrog.io/upsidetravel/api/npm/npm-virtual/delayed-stream/-/delayed-stream-1.0.0.tgz#df3ae199acadfb7d440aaae0b29e2272b24ec619"
  integrity sha1-3zrhmayt+31ECqrgsp4icrJOxhk=

depd@~1.1.2:
  version "1.1.2"
  resolved "https://upsidetravel.jfrog.io/upsidetravel/api/npm/npm-virtual/depd/-/depd-1.1.2.tgz#9bcd52e14c097763e749b274c4346ed2e560b5a9"
  integrity sha1-m81S4UwJd2PnSbJ0xDRu0uVgtak=

destroy@~1.0.4:
  version "1.0.4"
  resolved "https://upsidetravel.jfrog.io/upsidetravel/api/npm/npm-virtual/destroy/-/destroy-1.0.4.tgz#978857442c44749e4206613e37946205826abd80"
  integrity sha1-l4hXRCxEdJ5CBmE+N5RiBYJqvYA=

ecc-jsbn@~0.1.1:
  version "0.1.2"
  resolved "https://upsidetravel.jfrog.io/upsidetravel/api/npm/npm-virtual/ecc-jsbn/-/ecc-jsbn-0.1.2.tgz#3a83a904e54353287874c564b7549386849a98c9"
  integrity sha1-OoOpBOVDUyh4dMVkt1SThoSamMk=
  dependencies:
    jsbn "~0.1.0"
    safer-buffer "^2.1.0"

ee-first@1.1.1:
  version "1.1.1"
  resolved "https://upsidetravel.jfrog.io/upsidetravel/api/npm/npm-virtual/ee-first/-/ee-first-1.1.1.tgz#590c61156b0ae2f4f0255732a158b266bc56b21d"
  integrity sha1-WQxhFWsK4vTwJVcyoViyZrxWsh0=

elm-format@^0.8.3:
  version "0.8.3"
  resolved "https://upsidetravel.jfrog.io/upsidetravel/api/npm/npm-virtual/elm-format/-/elm-format-0.8.3.tgz#74a50a6aba69c757752700f9302ccf463c747453"
  integrity sha1-dKUKarppx1d1JwD5MCzPRjx0dFM=
  dependencies:
    binwrap "^0.2.2"

elm-hot@1.1.4:
  version "1.1.4"
  resolved "https://upsidetravel.jfrog.io/upsidetravel/api/npm/npm-virtual/elm-hot/-/elm-hot-1.1.4.tgz#4984592b3554670255ea4e08f4e98aa9103ab51f"
  integrity sha1-SYRZKzVUZwJV6k4I9OmKqRA6tR8=

elm-live@^4.0.2:
  version "4.0.2"
  resolved "https://upsidetravel.jfrog.io/upsidetravel/api/npm/npm-virtual/elm-live/-/elm-live-4.0.2.tgz#c943f348961e406a7963115a3eeb7cfec38cf4d6"
  integrity sha1-yUPzSJYeQGp5YxFaPut8/sOM9NY=
  dependencies:
    chalk "^1.1.1"
    chokidar "3.0.2"
    commander "2.17.1"
    crocks "0.12.1"
    cross-spawn "5.0.1"
    elm-hot "1.1.4"
    finalhandler "1.1.2"
    http-proxy "1.17.0"
    internal-ip "4.3.0"
    mime "2.4.3"
    open "6.4.0"
    pem "1.14.2"
    serve-static "1.14.1"
    ws "7.1.1"

elm@^0.19.1-3:
  version "0.19.1-3"
  resolved "https://upsidetravel.jfrog.io/upsidetravel/api/npm/npm-virtual/elm/-/elm-0.19.1-3.tgz#2382aa1943bc79974b5d95b0a6acbe010ee16909"
  integrity sha1-I4KqGUO8eZdLXZWwpqy+AQ7haQk=
  dependencies:
    request "^2.88.0"

encodeurl@~1.0.2:
  version "1.0.2"
  resolved "https://upsidetravel.jfrog.io/upsidetravel/api/npm/npm-virtual/encodeurl/-/encodeurl-1.0.2.tgz#ad3ff4c86ec2d029322f5a02c3a9a606c95b3f59"
  integrity sha1-rT/0yG7C0CkyL1oCw6mmBslbP1k=

end-of-stream@^1.1.0:
  version "1.4.4"
  resolved "https://upsidetravel.jfrog.io/upsidetravel/api/npm/npm-virtual/end-of-stream/-/end-of-stream-1.4.4.tgz#5ae64a5f45057baf3626ec14da0ca5e4b2431eb0"
  integrity sha1-WuZKX0UFe682JuwU2gyl5LJDHrA=
  dependencies:
    once "^1.4.0"

es6-promisify@^6.0.0:
  version "6.0.2"
  resolved "https://upsidetravel.jfrog.io/upsidetravel/api/npm/npm-virtual/es6-promisify/-/es6-promisify-6.0.2.tgz#525c23725b8510f5f1f2feb5a1fbad93a93e29b4"
  integrity sha1-UlwjcluFEPXx8v61ofutk6k+KbQ=

escape-html@~1.0.3:
  version "1.0.3"
  resolved "https://upsidetravel.jfrog.io/upsidetravel/api/npm/npm-virtual/escape-html/-/escape-html-1.0.3.tgz#0258eae4d3d0c0974de1c169188ef0051d1d1988"
  integrity sha1-Aljq5NPQwJdN4cFpGI7wBR0dGYg=

escape-string-regexp@^1.0.2:
  version "1.0.5"
  resolved "https://upsidetravel.jfrog.io/upsidetravel/api/npm/npm-virtual/escape-string-regexp/-/escape-string-regexp-1.0.5.tgz#1b61c0562190a8dff6ae3bb2cf0200ca130b86d4"
  integrity sha1-G2HAViGQqN/2rjuyzwIAyhMLhtQ=

etag@~1.8.1:
  version "1.8.1"
  resolved "https://upsidetravel.jfrog.io/upsidetravel/api/npm/npm-virtual/etag/-/etag-1.8.1.tgz#41ae2eeb65efa62268aebfea83ac7d79299b0887"
  integrity sha1-Qa4u62XvpiJorr/qg6x9eSmbCIc=

eventemitter3@^3.0.0:
  version "3.1.2"
  resolved "https://upsidetravel.jfrog.io/upsidetravel/api/npm/npm-virtual/eventemitter3/-/eventemitter3-3.1.2.tgz#2d3d48f9c346698fce83a85d7d664e98535df6e7"
  integrity sha1-LT1I+cNGaY/Og6hdfWZOmFNd9uc=

execa@^1.0.0:
  version "1.0.0"
  resolved "https://upsidetravel.jfrog.io/upsidetravel/api/npm/npm-virtual/execa/-/execa-1.0.0.tgz#c6236a5bb4df6d6f15e88e7f017798216749ddd8"
  integrity sha1-xiNqW7TfbW8V6I5/AXeYIWdJ3dg=
  dependencies:
    cross-spawn "^6.0.0"
    get-stream "^4.0.0"
    is-stream "^1.1.0"
    npm-run-path "^2.0.0"
    p-finally "^1.0.0"
    signal-exit "^3.0.0"
    strip-eof "^1.0.0"

extend@~3.0.2:
  version "3.0.2"
  resolved "https://upsidetravel.jfrog.io/upsidetravel/api/npm/npm-virtual/extend/-/extend-3.0.2.tgz#f8b1136b4071fbd8eb140aff858b1019ec2915fa"
  integrity sha1-+LETa0Bx+9jrFAr/hYsQGewpFfo=

extsprintf@1.3.0:
  version "1.3.0"
  resolved "https://upsidetravel.jfrog.io/upsidetravel/api/npm/npm-virtual/extsprintf/-/extsprintf-1.3.0.tgz#96918440e3041a7a414f8c52e3c574eb3c3e1e05"
  integrity sha1-lpGEQOMEGnpBT4xS48V06zw+HgU=

extsprintf@^1.2.0:
  version "1.4.0"
  resolved "https://upsidetravel.jfrog.io/upsidetravel/api/npm/npm-virtual/extsprintf/-/extsprintf-1.4.0.tgz#e2689f8f356fad62cca65a3a91c5df5f9551692f"
  integrity sha1-4mifjzVvrWLMplo6kcXfX5VRaS8=

fast-deep-equal@^3.1.1:
  version "3.1.1"
  resolved "https://upsidetravel.jfrog.io/upsidetravel/api/npm/npm-virtual/fast-deep-equal/-/fast-deep-equal-3.1.1.tgz#545145077c501491e33b15ec408c294376e94ae4"
  integrity sha1-VFFFB3xQFJHjOxXsQIwpQ3bpSuQ=

fast-json-stable-stringify@^2.0.0:
  version "2.1.0"
  resolved "https://upsidetravel.jfrog.io/upsidetravel/api/npm/npm-virtual/fast-json-stable-stringify/-/fast-json-stable-stringify-2.1.0.tgz#874bf69c6f404c2b5d99c481341399fd55892633"
  integrity sha1-h0v2nG9ATCtdmcSBNBOZ/VWJJjM=

fill-range@^7.0.1:
  version "7.0.1"
  resolved "https://upsidetravel.jfrog.io/upsidetravel/api/npm/npm-virtual/fill-range/-/fill-range-7.0.1.tgz#1919a6a7c75fe38b2c7c77e5198535da9acdda40"
  integrity sha1-GRmmp8df44ssfHflGYU12prN2kA=
  dependencies:
    to-regex-range "^5.0.1"

finalhandler@1.1.2:
  version "1.1.2"
  resolved "https://upsidetravel.jfrog.io/upsidetravel/api/npm/npm-virtual/finalhandler/-/finalhandler-1.1.2.tgz#b7e7d000ffd11938d0fdb053506f6ebabe9f587d"
  integrity sha1-t+fQAP/RGTjQ/bBTUG9uur6fWH0=
  dependencies:
    debug "2.6.9"
    encodeurl "~1.0.2"
    escape-html "~1.0.3"
    on-finished "~2.3.0"
    parseurl "~1.3.3"
    statuses "~1.5.0"
    unpipe "~1.0.0"

follow-redirects@^1.0.0:
  version "1.10.0"
  resolved "https://upsidetravel.jfrog.io/upsidetravel/api/npm/npm-virtual/follow-redirects/-/follow-redirects-1.10.0.tgz#01f5263aee921c6a54fb91667f08f4155ce169eb"
  integrity sha1-AfUmOu6SHGpU+5Fmfwj0FVzhaes=
  dependencies:
    debug "^3.0.0"

forever-agent@~0.6.1:
  version "0.6.1"
  resolved "https://upsidetravel.jfrog.io/upsidetravel/api/npm/npm-virtual/forever-agent/-/forever-agent-0.6.1.tgz#fbc71f0c41adeb37f96c577ad1ed42d8fdacca91"
  integrity sha1-+8cfDEGt6zf5bFd60e1C2P2sypE=

form-data@~2.3.2:
  version "2.3.3"
  resolved "https://upsidetravel.jfrog.io/upsidetravel/api/npm/npm-virtual/form-data/-/form-data-2.3.3.tgz#dcce52c05f644f298c6a7ab936bd724ceffbf3a6"
  integrity sha1-3M5SwF9kTymManq5Nr1yTO/786Y=
  dependencies:
    asynckit "^0.4.0"
    combined-stream "^1.0.6"
    mime-types "^2.1.12"

fresh@0.5.2:
  version "0.5.2"
  resolved "https://upsidetravel.jfrog.io/upsidetravel/api/npm/npm-virtual/fresh/-/fresh-0.5.2.tgz#3d8cadd90d976569fa835ab1f8e4b23a105605a7"
  integrity sha1-PYyt2Q2XZWn6g1qx+OSyOhBWBac=

fs-minipass@^1.2.5:
  version "1.2.7"
  resolved "https://upsidetravel.jfrog.io/upsidetravel/api/npm/npm-virtual/fs-minipass/-/fs-minipass-1.2.7.tgz#ccff8570841e7fe4265693da88936c55aed7f7c7"
  integrity sha1-zP+FcIQef+QmVpPaiJNsVa7X98c=
  dependencies:
    minipass "^2.6.0"

fsevents@^2.0.6:
  version "2.1.2"
  resolved "https://upsidetravel.jfrog.io/upsidetravel/api/npm/npm-virtual/fsevents/-/fsevents-2.1.2.tgz#4c0a1fb34bc68e543b4b82a9ec392bfbda840805"
  integrity sha1-TAofs0vGjlQ7S4Kp7Dkr+9qECAU=

get-stream@^4.0.0:
  version "4.1.0"
  resolved "https://upsidetravel.jfrog.io/upsidetravel/api/npm/npm-virtual/get-stream/-/get-stream-4.1.0.tgz#c1b255575f3dc21d59bfc79cd3d2b46b1c3a54b5"
  integrity sha1-wbJVV189wh1Zv8ec09K0axw6VLU=
  dependencies:
    pump "^3.0.0"

getpass@^0.1.1:
  version "0.1.7"
  resolved "https://upsidetravel.jfrog.io/upsidetravel/api/npm/npm-virtual/getpass/-/getpass-0.1.7.tgz#5eff8e3e684d569ae4cb2b1282604e8ba62149fa"
  integrity sha1-Xv+OPmhNVprkyysSgmBOi6YhSfo=
  dependencies:
    assert-plus "^1.0.0"

glob-parent@^5.0.0:
  version "5.1.0"
  resolved "https://upsidetravel.jfrog.io/upsidetravel/api/npm/npm-virtual/glob-parent/-/glob-parent-5.1.0.tgz#5f4c1d1e748d30cd73ad2944b3577a81b081e8c2"
  integrity sha1-X0wdHnSNMM1zrSlEs1d6gbCB6MI=
  dependencies:
    is-glob "^4.0.1"

har-schema@^2.0.0:
  version "2.0.0"
  resolved "https://upsidetravel.jfrog.io/upsidetravel/api/npm/npm-virtual/har-schema/-/har-schema-2.0.0.tgz#a94c2224ebcac04782a0d9035521f24735b7ec92"
  integrity sha1-qUwiJOvKwEeCoNkDVSHyRzW37JI=

har-validator@~5.1.3:
  version "5.1.3"
  resolved "https://upsidetravel.jfrog.io/upsidetravel/api/npm/npm-virtual/har-validator/-/har-validator-5.1.3.tgz#1ef89ebd3e4996557675eed9893110dc350fa080"
  integrity sha1-HvievT5JllV2de7ZiTEQ3DUPoIA=
  dependencies:
    ajv "^6.5.5"
    har-schema "^2.0.0"

has-ansi@^2.0.0:
  version "2.0.0"
  resolved "https://upsidetravel.jfrog.io/upsidetravel/api/npm/npm-virtual/has-ansi/-/has-ansi-2.0.0.tgz#34f5049ce1ecdf2b0649af3ef24e45ed35416d91"
  integrity sha1-NPUEnOHs3ysGSa8+8k5F7TVBbZE=
  dependencies:
    ansi-regex "^2.0.0"

http-errors@~1.7.2:
  version "1.7.3"
  resolved "https://upsidetravel.jfrog.io/upsidetravel/api/npm/npm-virtual/http-errors/-/http-errors-1.7.3.tgz#6c619e4f9c60308c38519498c14fbb10aacebb06"
  integrity sha1-bGGeT5xgMIw4UZSYwU+7EKrOuwY=
  dependencies:
    depd "~1.1.2"
    inherits "2.0.4"
    setprototypeof "1.1.1"
    statuses ">= 1.5.0 < 2"
    toidentifier "1.0.0"

http-proxy@1.17.0:
  version "1.17.0"
  resolved "https://upsidetravel.jfrog.io/upsidetravel/api/npm/npm-virtual/http-proxy/-/http-proxy-1.17.0.tgz#7ad38494658f84605e2f6db4436df410f4e5be9a"
  integrity sha1-etOElGWPhGBeL220Q230EPTlvpo=
  dependencies:
    eventemitter3 "^3.0.0"
    follow-redirects "^1.0.0"
    requires-port "^1.0.0"

http-signature@~1.2.0:
  version "1.2.0"
  resolved "https://upsidetravel.jfrog.io/upsidetravel/api/npm/npm-virtual/http-signature/-/http-signature-1.2.0.tgz#9aecd925114772f3d95b65a60abb8f7c18fbace1"
  integrity sha1-muzZJRFHcvPZW2WmCruPfBj7rOE=
  dependencies:
    assert-plus "^1.0.0"
    jsprim "^1.2.2"
    sshpk "^1.7.0"

inherits@2.0.4:
  version "2.0.4"
  resolved "https://upsidetravel.jfrog.io/upsidetravel/api/npm/npm-virtual/inherits/-/inherits-2.0.4.tgz#0fa2c64f932917c3433a0ded55363aae37416b7c"
  integrity sha1-D6LGT5MpF8NDOg3tVTY6rjdBa3w=

internal-ip@4.3.0:
  version "4.3.0"
  resolved "https://upsidetravel.jfrog.io/upsidetravel/api/npm/npm-virtual/internal-ip/-/internal-ip-4.3.0.tgz#845452baad9d2ca3b69c635a137acb9a0dad0907"
  integrity sha1-hFRSuq2dLKO2nGNaE3rLmg2tCQc=
  dependencies:
    default-gateway "^4.2.0"
    ipaddr.js "^1.9.0"

ip-regex@^2.1.0:
  version "2.1.0"
  resolved "https://upsidetravel.jfrog.io/upsidetravel/api/npm/npm-virtual/ip-regex/-/ip-regex-2.1.0.tgz#fa78bf5d2e6913c911ce9f819ee5146bb6d844e9"
  integrity sha1-+ni/XS5pE8kRzp+BnuUUa7bYROk=

ipaddr.js@^1.9.0:
  version "1.9.1"
  resolved "https://upsidetravel.jfrog.io/upsidetravel/api/npm/npm-virtual/ipaddr.js/-/ipaddr.js-1.9.1.tgz#bff38543eeb8984825079ff3a2a8e6cbd46781b3"
  integrity sha1-v/OFQ+64mEglB5/zoqjmy9RngbM=

is-binary-path@^2.1.0:
  version "2.1.0"
  resolved "https://upsidetravel.jfrog.io/upsidetravel/api/npm/npm-virtual/is-binary-path/-/is-binary-path-2.1.0.tgz#ea1f7f3b80f064236e83470f86c09c254fb45b09"
  integrity sha1-6h9/O4DwZCNug0cPhsCcJU+0Wwk=
  dependencies:
    binary-extensions "^2.0.0"

is-buffer@~1.1.1:
  version "1.1.6"
  resolved "https://upsidetravel.jfrog.io/upsidetravel/api/npm/npm-virtual/is-buffer/-/is-buffer-1.1.6.tgz#efaa2ea9daa0d7ab2ea13a97b2b8ad51fefbe8be"
  integrity sha1-76ouqdqg16suoTqXsritUf776L4=

is-extglob@^2.1.1:
  version "2.1.1"
  resolved "https://upsidetravel.jfrog.io/upsidetravel/api/npm/npm-virtual/is-extglob/-/is-extglob-2.1.1.tgz#a88c02535791f02ed37c76a1b9ea9773c833f8c2"
  integrity sha1-qIwCU1eR8C7TfHahueqXc8gz+MI=

is-glob@^4.0.1:
  version "4.0.1"
  resolved "https://upsidetravel.jfrog.io/upsidetravel/api/npm/npm-virtual/is-glob/-/is-glob-4.0.1.tgz#7567dbe9f2f5e2467bc77ab83c4a29482407a5dc"
  integrity sha1-dWfb6fL14kZ7x3q4PEopSCQHpdw=
  dependencies:
    is-extglob "^2.1.1"

is-number@^7.0.0:
  version "7.0.0"
  resolved "https://upsidetravel.jfrog.io/upsidetravel/api/npm/npm-virtual/is-number/-/is-number-7.0.0.tgz#7535345b896734d5f80c4d06c50955527a14f12b"
  integrity sha1-dTU0W4lnNNX4DE0GxQlVUnoU8Ss=

is-stream@^1.1.0:
  version "1.1.0"
  resolved "https://upsidetravel.jfrog.io/upsidetravel/api/npm/npm-virtual/is-stream/-/is-stream-1.1.0.tgz#12d4a3dd4e68e0b79ceb8dbc84173ae80d91ca44"
  integrity sha1-EtSj3U5o4Lec6428hBc66A2RykQ=

is-typedarray@~1.0.0:
  version "1.0.0"
  resolved "https://upsidetravel.jfrog.io/upsidetravel/api/npm/npm-virtual/is-typedarray/-/is-typedarray-1.0.0.tgz#e479c80858df0c1b11ddda6940f96011fcda4a9a"
  integrity sha1-5HnICFjfDBsR3dppQPlgEfzaSpo=

is-wsl@^1.1.0:
  version "1.1.0"
  resolved "https://upsidetravel.jfrog.io/upsidetravel/api/npm/npm-virtual/is-wsl/-/is-wsl-1.1.0.tgz#1f16e4aa22b04d1336b66188a66af3c600c3a66d"
  integrity sha1-HxbkqiKwTRM2tmGIpmrzxgDDpm0=

isexe@^2.0.0:
  version "2.0.0"
  resolved "https://upsidetravel.jfrog.io/upsidetravel/api/npm/npm-virtual/isexe/-/isexe-2.0.0.tgz#e8fbf374dc556ff8947a10dcb0572d633f2cfa10"
  integrity sha1-6PvzdNxVb/iUehDcsFctYz8s+hA=

isstream@~0.1.2:
  version "0.1.2"
  resolved "https://upsidetravel.jfrog.io/upsidetravel/api/npm/npm-virtual/isstream/-/isstream-0.1.2.tgz#47e63f7af55afa6f92e1500e690eb8b8529c099a"
  integrity sha1-R+Y/evVa+m+S4VAOaQ64uFKcCZo=

jsbn@~0.1.0:
  version "0.1.1"
  resolved "https://upsidetravel.jfrog.io/upsidetravel/api/npm/npm-virtual/jsbn/-/jsbn-0.1.1.tgz#a5e654c2e5a2deb5f201d96cefbca80c0ef2f513"
  integrity sha1-peZUwuWi3rXyAdls77yoDA7y9RM=

json-schema-traverse@^0.4.1:
  version "0.4.1"
  resolved "https://upsidetravel.jfrog.io/upsidetravel/api/npm/npm-virtual/json-schema-traverse/-/json-schema-traverse-0.4.1.tgz#69f6a87d9513ab8bb8fe63bdb0979c448e684660"
  integrity sha1-afaofZUTq4u4/mO9sJecRI5oRmA=

json-schema@0.2.3:
  version "0.2.3"
  resolved "https://upsidetravel.jfrog.io/upsidetravel/api/npm/npm-virtual/json-schema/-/json-schema-0.2.3.tgz#b480c892e59a2f05954ce727bd3f2a4e882f9e13"
  integrity sha1-tIDIkuWaLwWVTOcnvT8qTogvnhM=

json-stringify-safe@~5.0.1:
  version "5.0.1"
  resolved "https://upsidetravel.jfrog.io/upsidetravel/api/npm/npm-virtual/json-stringify-safe/-/json-stringify-safe-5.0.1.tgz#1296a2d58fd45f19a0f6ce01d65701e2c735b6eb"
  integrity sha1-Epai1Y/UXxmg9s4B1lcB4sc1tus=

jsprim@^1.2.2:
  version "1.4.1"
  resolved "https://upsidetravel.jfrog.io/upsidetravel/api/npm/npm-virtual/jsprim/-/jsprim-1.4.1.tgz#313e66bc1e5cc06e438bc1b7499c2e5c56acb6a2"
  integrity sha1-MT5mvB5cwG5Di8G3SZwuXFastqI=
  dependencies:
    assert-plus "1.0.0"
    extsprintf "1.3.0"
    json-schema "0.2.3"
    verror "1.10.0"

lodash@^4.17.15:
  version "4.17.15"
  resolved "https://upsidetravel.jfrog.io/upsidetravel/api/npm/npm-virtual/lodash/-/lodash-4.17.15.tgz#b447f6670a0455bbfeedd11392eff330ea097548"
  integrity sha1-tEf2ZwoEVbv+7dETku/zMOoJdUg=

lru-cache@^4.0.1:
  version "4.1.5"
  resolved "https://upsidetravel.jfrog.io/upsidetravel/api/npm/npm-virtual/lru-cache/-/lru-cache-4.1.5.tgz#8bbe50ea85bed59bc9e33dcab8235ee9bcf443cd"
  integrity sha1-i75Q6oW+1ZvJ4z3KuCNe6bz0Q80=
  dependencies:
    pseudomap "^1.0.2"
    yallist "^2.1.2"

md5@^2.2.1:
  version "2.2.1"
  resolved "https://upsidetravel.jfrog.io/upsidetravel/api/npm/npm-virtual/md5/-/md5-2.2.1.tgz#53ab38d5fe3c8891ba465329ea23fac0540126f9"
  integrity sha1-U6s41f48iJG6RlMp6iP6wFQBJvk=
  dependencies:
    charenc "~0.0.1"
    crypt "~0.0.1"
    is-buffer "~1.1.1"

mime-db@1.43.0:
  version "1.43.0"
  resolved "https://upsidetravel.jfrog.io/upsidetravel/api/npm/npm-virtual/mime-db/-/mime-db-1.43.0.tgz#0a12e0502650e473d735535050e7c8f4eb4fae58"
  integrity sha1-ChLgUCZQ5HPXNVNQUOfI9OtPrlg=

mime-types@^2.1.12, mime-types@~2.1.19:
  version "2.1.26"
  resolved "https://upsidetravel.jfrog.io/upsidetravel/api/npm/npm-virtual/mime-types/-/mime-types-2.1.26.tgz#9c921fc09b7e149a65dfdc0da4d20997200b0a06"
  integrity sha1-nJIfwJt+FJpl39wNpNIJlyALCgY=
  dependencies:
    mime-db "1.43.0"

mime@1.6.0:
  version "1.6.0"
  resolved "https://upsidetravel.jfrog.io/upsidetravel/api/npm/npm-virtual/mime/-/mime-1.6.0.tgz#32cd9e5c64553bd58d19a568af452acff04981b1"
  integrity sha1-Ms2eXGRVO9WNGaVor0Uqz/BJgbE=

mime@2.4.3:
  version "2.4.3"
  resolved "https://upsidetravel.jfrog.io/upsidetravel/api/npm/npm-virtual/mime/-/mime-2.4.3.tgz#229687331e86f68924e6cb59e1cdd937f18275fe"
  integrity sha1-IpaHMx6G9okk5stZ4c3ZN/GCdf4=

minimist@0.0.8:
  version "0.0.8"
  resolved "https://upsidetravel.jfrog.io/upsidetravel/api/npm/npm-virtual/minimist/-/minimist-0.0.8.tgz#857fcabfc3397d2625b8228262e86aa7a011b05d"
  integrity sha1-hX/Kv8M5fSYluCKCYuhqp6ARsF0=

minipass@^2.6.0, minipass@^2.8.6, minipass@^2.9.0:
  version "2.9.0"
  resolved "https://upsidetravel.jfrog.io/upsidetravel/api/npm/npm-virtual/minipass/-/minipass-2.9.0.tgz#e713762e7d3e32fed803115cf93e04bca9fcc9a6"
  integrity sha1-5xN2Ln0+Mv7YAxFc+T4EvKn8yaY=
  dependencies:
    safe-buffer "^5.1.2"
    yallist "^3.0.0"

minizlib@^1.2.1:
  version "1.3.3"
  resolved "https://upsidetravel.jfrog.io/upsidetravel/api/npm/npm-virtual/minizlib/-/minizlib-1.3.3.tgz#2290de96818a34c29551c8a8d301216bd65a861d"
  integrity sha1-IpDeloGKNMKVUcio0wEha9Zahh0=
  dependencies:
    minipass "^2.9.0"

mkdirp@^0.5.0, mkdirp@^0.5.1:
  version "0.5.1"
  resolved "https://upsidetravel.jfrog.io/upsidetravel/api/npm/npm-virtual/mkdirp/-/mkdirp-0.5.1.tgz#30057438eac6cf7f8c4767f38648d6697d75c903"
  integrity sha1-MAV0OOrGz3+MR2fzhkjWaX11yQM=
  dependencies:
    minimist "0.0.8"

ms@2.0.0:
  version "2.0.0"
  resolved "https://upsidetravel.jfrog.io/upsidetravel/api/npm/npm-virtual/ms/-/ms-2.0.0.tgz#5608aeadfc00be6c2901df5f9861788de0d597c8"
  integrity sha1-VgiurfwAvmwpAd9fmGF4jeDVl8g=

ms@2.1.1:
  version "2.1.1"
  resolved "https://upsidetravel.jfrog.io/upsidetravel/api/npm/npm-virtual/ms/-/ms-2.1.1.tgz#30a5864eb3ebb0a66f2ebe6d727af06a09d86e0a"
  integrity sha1-MKWGTrPrsKZvLr5tcnrwagnYbgo=

ms@^2.1.1:
  version "2.1.2"
  resolved "https://upsidetravel.jfrog.io/upsidetravel/api/npm/npm-virtual/ms/-/ms-2.1.2.tgz#d09d1f357b443f493382a8eb3ccd183872ae6009"
  integrity sha1-0J0fNXtEP0kzgqjrPM0YOHKuYAk=

mustache@^3.0.1:
  version "3.2.1"
  resolved "https://upsidetravel.jfrog.io/upsidetravel/api/npm/npm-virtual/mustache/-/mustache-3.2.1.tgz#89e78a9d207d78f2799b1e95764a25bf71a28322"
  integrity sha1-ieeKnSB9ePJ5mx6Vdkolv3GigyI=

nice-try@^1.0.4:
  version "1.0.5"
  resolved "https://upsidetravel.jfrog.io/upsidetravel/api/npm/npm-virtual/nice-try/-/nice-try-1.0.5.tgz#a3378a7696ce7d223e88fc9b764bd7ef1089e366"
  integrity sha1-ozeKdpbOfSI+iPybdkvX7xCJ42Y=

normalize-path@^3.0.0:
  version "3.0.0"
  resolved "https://upsidetravel.jfrog.io/upsidetravel/api/npm/npm-virtual/normalize-path/-/normalize-path-3.0.0.tgz#0dcd69ff23a1c9b11fd0978316644a0388216a65"
  integrity sha1-Dc1p/yOhybEf0JeDFmRKA4ghamU=

npm-run-path@^2.0.0:
  version "2.0.2"
  resolved "https://upsidetravel.jfrog.io/upsidetravel/api/npm/npm-virtual/npm-run-path/-/npm-run-path-2.0.2.tgz#35a9232dfa35d7067b4cb2ddf2357b1871536c5f"
  integrity sha1-NakjLfo11wZ7TLLd8jV7GHFTbF8=
  dependencies:
    path-key "^2.0.0"

oauth-sign@~0.9.0:
  version "0.9.0"
  resolved "https://upsidetravel.jfrog.io/upsidetravel/api/npm/npm-virtual/oauth-sign/-/oauth-sign-0.9.0.tgz#47a7b016baa68b5fa0ecf3dee08a85c679ac6455"
  integrity sha1-R6ewFrqmi1+g7PPe4IqFxnmsZFU=

on-finished@~2.3.0:
  version "2.3.0"
  resolved "https://upsidetravel.jfrog.io/upsidetravel/api/npm/npm-virtual/on-finished/-/on-finished-2.3.0.tgz#20f1336481b083cd75337992a16971aa2d906947"
  integrity sha1-IPEzZIGwg811M3mSoWlxqi2QaUc=
  dependencies:
    ee-first "1.1.1"

once@^1.3.1, once@^1.4.0:
  version "1.4.0"
  resolved "https://upsidetravel.jfrog.io/upsidetravel/api/npm/npm-virtual/once/-/once-1.4.0.tgz#583b1aa775961d4b113ac17d9c50baef9dd76bd1"
  integrity sha1-WDsap3WWHUsROsF9nFC6753Xa9E=
  dependencies:
    wrappy "1"

open@6.4.0:
  version "6.4.0"
  resolved "https://upsidetravel.jfrog.io/upsidetravel/api/npm/npm-virtual/open/-/open-6.4.0.tgz#5c13e96d0dc894686164f18965ecfe889ecfc8a9"
  integrity sha1-XBPpbQ3IlGhhZPGJZez+iJ7PyKk=
  dependencies:
    is-wsl "^1.1.0"

os-tmpdir@^1.0.1:
  version "1.0.2"
  resolved "https://upsidetravel.jfrog.io/upsidetravel/api/npm/npm-virtual/os-tmpdir/-/os-tmpdir-1.0.2.tgz#bbe67406c79aa85c5cfec766fe5734555dfa1274"
  integrity sha1-u+Z0BseaqFxc/sdm/lc0VV36EnQ=

p-finally@^1.0.0:
  version "1.0.0"
  resolved "https://upsidetravel.jfrog.io/upsidetravel/api/npm/npm-virtual/p-finally/-/p-finally-1.0.0.tgz#3fbcfb15b899a44123b34b6dcc18b724336a2cae"
  integrity sha1-P7z7FbiZpEEjs0ttzBi3JDNqLK4=

parseurl@~1.3.3:
  version "1.3.3"
  resolved "https://upsidetravel.jfrog.io/upsidetravel/api/npm/npm-virtual/parseurl/-/parseurl-1.3.3.tgz#9da19e7bee8d12dff0513ed5b76957793bc2e8d4"
  integrity sha1-naGee+6NEt/wUT7Vt2lXeTvC6NQ=

path-key@^2.0.0, path-key@^2.0.1:
  version "2.0.1"
  resolved "https://upsidetravel.jfrog.io/upsidetravel/api/npm/npm-virtual/path-key/-/path-key-2.0.1.tgz#411cadb574c5a140d3a4b1910d40d80cc9f40b40"
  integrity sha1-QRyttXTFoUDTpLGRDUDYDMn0C0A=

pem@1.14.2:
  version "1.14.2"
  resolved "https://upsidetravel.jfrog.io/upsidetravel/api/npm/npm-virtual/pem/-/pem-1.14.2.tgz#ab29350416bc3a532c30beeee0d541af897fb9ac"
  integrity sha1-qyk1BBa8OlMsML7u4NVBr4l/uaw=
  dependencies:
    es6-promisify "^6.0.0"
    md5 "^2.2.1"
    os-tmpdir "^1.0.1"
    which "^1.3.1"

performance-now@^2.1.0:
  version "2.1.0"
  resolved "https://upsidetravel.jfrog.io/upsidetravel/api/npm/npm-virtual/performance-now/-/performance-now-2.1.0.tgz#6309f4e0e5fa913ec1c69307ae364b4b377c9e7b"
  integrity sha1-Ywn04OX6kT7BxpMHrjZLSzd8nns=

picomatch@^2.0.4, picomatch@^2.0.7:
  version "2.2.1"
  resolved "https://upsidetravel.jfrog.io/upsidetravel/api/npm/npm-virtual/picomatch/-/picomatch-2.2.1.tgz#21bac888b6ed8601f831ce7816e335bc779f0a4a"
  integrity sha1-IbrIiLbthgH4Mc54FuM1vHefCko=

pseudomap@^1.0.2:
  version "1.0.2"
  resolved "https://upsidetravel.jfrog.io/upsidetravel/api/npm/npm-virtual/pseudomap/-/pseudomap-1.0.2.tgz#f052a28da70e618917ef0a8ac34c1ae5a68286b3"
  integrity sha1-8FKijacOYYkX7wqKw0wa5aaChrM=

psl@^1.1.28:
  version "1.7.0"
  resolved "https://upsidetravel.jfrog.io/upsidetravel/api/npm/npm-virtual/psl/-/psl-1.7.0.tgz#f1c4c47a8ef97167dea5d6bbf4816d736e884a3c"
  integrity sha1-8cTEeo75cWfepda79IFtc26ISjw=

pump@^3.0.0:
  version "3.0.0"
  resolved "https://upsidetravel.jfrog.io/upsidetravel/api/npm/npm-virtual/pump/-/pump-3.0.0.tgz#b4a2116815bde2f4e1ea602354e8c75565107a64"
  integrity sha1-tKIRaBW94vTh6mAjVOjHVWUQemQ=
  dependencies:
    end-of-stream "^1.1.0"
    once "^1.3.1"

punycode@^2.1.0, punycode@^2.1.1:
  version "2.1.1"
  resolved "https://upsidetravel.jfrog.io/upsidetravel/api/npm/npm-virtual/punycode/-/punycode-2.1.1.tgz#b58b010ac40c22c5657616c8d2c2c02c7bf479ec"
  integrity sha1-tYsBCsQMIsVldhbI0sLALHv0eew=

qs@~6.5.2:
  version "6.5.2"
  resolved "https://upsidetravel.jfrog.io/upsidetravel/api/npm/npm-virtual/qs/-/qs-6.5.2.tgz#cb3ae806e8740444584ef154ce8ee98d403f3e36"
  integrity sha1-yzroBuh0BERYTvFUzo7pjUA/PjY=

range-parser@~1.2.1:
  version "1.2.1"
  resolved "https://upsidetravel.jfrog.io/upsidetravel/api/npm/npm-virtual/range-parser/-/range-parser-1.2.1.tgz#3cf37023d199e1c24d1a55b84800c2f3e6468031"
  integrity sha1-PPNwI9GZ4cJNGlW4SADC8+ZGgDE=

readdirp@^3.1.1:
  version "3.3.0"
  resolved "https://upsidetravel.jfrog.io/upsidetravel/api/npm/npm-virtual/readdirp/-/readdirp-3.3.0.tgz#984458d13a1e42e2e9f5841b129e162f369aff17"
  integrity sha1-mERY0ToeQuLp9YQbEp4WLzaa/xc=
  dependencies:
    picomatch "^2.0.7"

request-promise-core@1.1.3:
  version "1.1.3"
  resolved "https://upsidetravel.jfrog.io/upsidetravel/api/npm/npm-virtual/request-promise-core/-/request-promise-core-1.1.3.tgz#e9a3c081b51380dfea677336061fea879a829ee9"
  integrity sha1-6aPAgbUTgN/qZ3M2Bh/qh5qCnuk=
  dependencies:
    lodash "^4.17.15"

request-promise@^4.2.4:
  version "4.2.5"
  resolved "https://upsidetravel.jfrog.io/upsidetravel/api/npm/npm-virtual/request-promise/-/request-promise-4.2.5.tgz#186222c59ae512f3497dfe4d75a9c8461bd0053c"
  integrity sha1-GGIixZrlEvNJff5NdanIRhvQBTw=
  dependencies:
    bluebird "^3.5.0"
    request-promise-core "1.1.3"
    stealthy-require "^1.1.1"
    tough-cookie "^2.3.3"

request@^2.88.0:
  version "2.88.2"
  resolved "https://upsidetravel.jfrog.io/upsidetravel/api/npm/npm-virtual/request/-/request-2.88.2.tgz#d73c918731cb5a87da047e207234146f664d12b3"
  integrity sha1-1zyRhzHLWofaBH4gcjQUb2ZNErM=
  dependencies:
    aws-sign2 "~0.7.0"
    aws4 "^1.8.0"
    caseless "~0.12.0"
    combined-stream "~1.0.6"
    extend "~3.0.2"
    forever-agent "~0.6.1"
    form-data "~2.3.2"
    har-validator "~5.1.3"
    http-signature "~1.2.0"
    is-typedarray "~1.0.0"
    isstream "~0.1.2"
    json-stringify-safe "~5.0.1"
    mime-types "~2.1.19"
    oauth-sign "~0.9.0"
    performance-now "^2.1.0"
    qs "~6.5.2"
    safe-buffer "^5.1.2"
    tough-cookie "~2.5.0"
    tunnel-agent "^0.6.0"
    uuid "^3.3.2"

requires-port@^1.0.0:
  version "1.0.0"
  resolved "https://upsidetravel.jfrog.io/upsidetravel/api/npm/npm-virtual/requires-port/-/requires-port-1.0.0.tgz#925d2601d39ac485e091cf0da5c6e694dc3dcaff"
  integrity sha1-kl0mAdOaxIXgkc8NpcbmlNw9yv8=

safe-buffer@^5.0.1, safe-buffer@^5.1.2:
  version "5.2.0"
  resolved "https://upsidetravel.jfrog.io/upsidetravel/api/npm/npm-virtual/safe-buffer/-/safe-buffer-5.2.0.tgz#b74daec49b1148f88c64b68d49b1e815c1f2f519"
  integrity sha1-t02uxJsRSPiMZLaNSbHoFcHy9Rk=

safer-buffer@^2.0.2, safer-buffer@^2.1.0, safer-buffer@~2.1.0:
  version "2.1.2"
  resolved "https://upsidetravel.jfrog.io/upsidetravel/api/npm/npm-virtual/safer-buffer/-/safer-buffer-2.1.2.tgz#44fa161b0187b9549dd84bb91802f9bd8385cd6a"
  integrity sha1-RPoWGwGHuVSd2Eu5GAL5vYOFzWo=

semver@^5.5.0:
  version "5.7.1"
  resolved "https://upsidetravel.jfrog.io/upsidetravel/api/npm/npm-virtual/semver/-/semver-5.7.1.tgz#a954f931aeba508d307bbf069eff0c01c96116f7"
  integrity sha1-qVT5Ma66UI0we78Gnv8MAclhFvc=

send@0.17.1:
  version "0.17.1"
  resolved "https://upsidetravel.jfrog.io/upsidetravel/api/npm/npm-virtual/send/-/send-0.17.1.tgz#c1d8b059f7900f7466dd4938bdc44e11ddb376c8"
  integrity sha1-wdiwWfeQD3Rm3Uk4vcROEd2zdsg=
  dependencies:
    debug "2.6.9"
    depd "~1.1.2"
    destroy "~1.0.4"
    encodeurl "~1.0.2"
    escape-html "~1.0.3"
    etag "~1.8.1"
    fresh "0.5.2"
    http-errors "~1.7.2"
    mime "1.6.0"
    ms "2.1.1"
    on-finished "~2.3.0"
    range-parser "~1.2.1"
    statuses "~1.5.0"

serve-static@1.14.1:
  version "1.14.1"
  resolved "https://upsidetravel.jfrog.io/upsidetravel/api/npm/npm-virtual/serve-static/-/serve-static-1.14.1.tgz#666e636dc4f010f7ef29970a88a674320898b2f9"
  integrity sha1-Zm5jbcTwEPfvKZcKiKZ0MgiYsvk=
  dependencies:
    encodeurl "~1.0.2"
    escape-html "~1.0.3"
    parseurl "~1.3.3"
    send "0.17.1"

setprototypeof@1.1.1:
  version "1.1.1"
  resolved "https://upsidetravel.jfrog.io/upsidetravel/api/npm/npm-virtual/setprototypeof/-/setprototypeof-1.1.1.tgz#7e95acb24aa92f5885e0abef5ba131330d4ae683"
  integrity sha1-fpWsskqpL1iF4KvvW6ExMw1K5oM=

shebang-command@^1.2.0:
  version "1.2.0"
  resolved "https://upsidetravel.jfrog.io/upsidetravel/api/npm/npm-virtual/shebang-command/-/shebang-command-1.2.0.tgz#44aac65b695b03398968c39f363fee5deafdf1ea"
  integrity sha1-RKrGW2lbAzmJaMOfNj/uXer98eo=
  dependencies:
    shebang-regex "^1.0.0"

shebang-regex@^1.0.0:
  version "1.0.0"
  resolved "https://upsidetravel.jfrog.io/upsidetravel/api/npm/npm-virtual/shebang-regex/-/shebang-regex-1.0.0.tgz#da42f49740c0b42db2ca9728571cb190c98efea3"
  integrity sha1-2kL0l0DAtC2yypcoVxyxkMmO/qM=

signal-exit@^3.0.0:
  version "3.0.2"
  resolved "https://upsidetravel.jfrog.io/upsidetravel/api/npm/npm-virtual/signal-exit/-/signal-exit-3.0.2.tgz#b5fdc08f1287ea1178628e415e25132b73646c6d"
  integrity sha1-tf3AjxKH6hF4Yo5BXiUTK3NkbG0=

sshpk@^1.7.0:
  version "1.16.1"
  resolved "https://upsidetravel.jfrog.io/upsidetravel/api/npm/npm-virtual/sshpk/-/sshpk-1.16.1.tgz#fb661c0bef29b39db40769ee39fa70093d6f6877"
  integrity sha1-+2YcC+8ps520B2nuOfpwCT1vaHc=
  dependencies:
    asn1 "~0.2.3"
    assert-plus "^1.0.0"
    bcrypt-pbkdf "^1.0.0"
    dashdash "^1.12.0"
    ecc-jsbn "~0.1.1"
    getpass "^0.1.1"
    jsbn "~0.1.0"
    safer-buffer "^2.0.2"
    tweetnacl "~0.14.0"

"statuses@>= 1.5.0 < 2", statuses@~1.5.0:
  version "1.5.0"
  resolved "https://upsidetravel.jfrog.io/upsidetravel/api/npm/npm-virtual/statuses/-/statuses-1.5.0.tgz#161c7dac177659fd9811f43771fa99381478628c"
  integrity sha1-Fhx9rBd2Wf2YEfQ3cfqZOBR4Yow=

stealthy-require@^1.1.1:
  version "1.1.1"
  resolved "https://upsidetravel.jfrog.io/upsidetravel/api/npm/npm-virtual/stealthy-require/-/stealthy-require-1.1.1.tgz#35b09875b4ff49f26a777e509b3090a3226bf24b"
  integrity sha1-NbCYdbT/SfJqd35QmzCQoyJr8ks=

strip-ansi@^3.0.0:
  version "3.0.1"
  resolved "https://upsidetravel.jfrog.io/upsidetravel/api/npm/npm-virtual/strip-ansi/-/strip-ansi-3.0.1.tgz#6a385fb8853d952d5ff05d0e8aaf94278dc63dcf"
  integrity sha1-ajhfuIU9lS1f8F0Oiq+UJ43GPc8=
  dependencies:
    ansi-regex "^2.0.0"

strip-eof@^1.0.0:
  version "1.0.0"
  resolved "https://upsidetravel.jfrog.io/upsidetravel/api/npm/npm-virtual/strip-eof/-/strip-eof-1.0.0.tgz#bb43ff5598a6eb05d89b59fcd129c983313606bf"
  integrity sha1-u0P/VZim6wXYm1n80SnJgzE2Br8=

supports-color@^2.0.0:
  version "2.0.0"
  resolved "https://upsidetravel.jfrog.io/upsidetravel/api/npm/npm-virtual/supports-color/-/supports-color-2.0.0.tgz#535d045ce6b6363fa40117084629995e9df324c7"
  integrity sha1-U10EXOa2Nj+kARcIRimZXp3zJMc=

tar@^4.4.10:
  version "4.4.13"
  resolved "https://upsidetravel.jfrog.io/upsidetravel/api/npm/npm-virtual/tar/-/tar-4.4.13.tgz#43b364bc52888d555298637b10d60790254ab525"
  integrity sha1-Q7NkvFKIjVVSmGN7ENYHkCVKtSU=
  dependencies:
    chownr "^1.1.1"
    fs-minipass "^1.2.5"
    minipass "^2.8.6"
    minizlib "^1.2.1"
    mkdirp "^0.5.0"
    safe-buffer "^5.1.2"
    yallist "^3.0.3"

to-regex-range@^5.0.1:
  version "5.0.1"
  resolved "https://upsidetravel.jfrog.io/upsidetravel/api/npm/npm-virtual/to-regex-range/-/to-regex-range-5.0.1.tgz#1648c44aae7c8d988a326018ed72f5b4dd0392e4"
  integrity sha1-FkjESq58jZiKMmAY7XL1tN0DkuQ=
  dependencies:
    is-number "^7.0.0"

toidentifier@1.0.0:
  version "1.0.0"
  resolved "https://upsidetravel.jfrog.io/upsidetravel/api/npm/npm-virtual/toidentifier/-/toidentifier-1.0.0.tgz#7e1be3470f1e77948bc43d94a3c8f4d7752ba553"
  integrity sha1-fhvjRw8ed5SLxD2Uo8j013UrpVM=

tough-cookie@^2.3.3, tough-cookie@~2.5.0:
  version "2.5.0"
  resolved "https://upsidetravel.jfrog.io/upsidetravel/api/npm/npm-virtual/tough-cookie/-/tough-cookie-2.5.0.tgz#cd9fb2a0aa1d5a12b473bd9fb96fa3dcff65ade2"
  integrity sha1-zZ+yoKodWhK0c72fuW+j3P9lreI=
  dependencies:
    psl "^1.1.28"
    punycode "^2.1.1"

"traverse@>=0.3.0 <0.4":
  version "0.3.9"
  resolved "https://upsidetravel.jfrog.io/upsidetravel/api/npm/npm-virtual/traverse/-/traverse-0.3.9.tgz#717b8f220cc0bb7b44e40514c22b2e8bbc70d8b9"
  integrity sha1-cXuPIgzAu3tE5AUUwisui7xw2Lk=

tunnel-agent@^0.6.0:
  version "0.6.0"
  resolved "https://upsidetravel.jfrog.io/upsidetravel/api/npm/npm-virtual/tunnel-agent/-/tunnel-agent-0.6.0.tgz#27a5dea06b36b04a0a9966774b290868f0fc40fd"
  integrity sha1-J6XeoGs2sEoKmWZ3SykIaPD8QP0=
  dependencies:
    safe-buffer "^5.0.1"

tweetnacl@^0.14.3, tweetnacl@~0.14.0:
  version "0.14.5"
  resolved "https://upsidetravel.jfrog.io/upsidetravel/api/npm/npm-virtual/tweetnacl/-/tweetnacl-0.14.5.tgz#5ae68177f192d4456269d108afa93ff8743f4f64"
  integrity sha1-WuaBd/GS1EViadEIr6k/+HQ/T2Q=

unpipe@~1.0.0:
  version "1.0.0"
  resolved "https://upsidetravel.jfrog.io/upsidetravel/api/npm/npm-virtual/unpipe/-/unpipe-1.0.0.tgz#b2bf4ee8514aae6165b4817829d21b2ef49904ec"
  integrity sha1-sr9O6FFKrmFltIF4KdIbLvSZBOw=

unzip-stream@^0.3.0:
  version "0.3.0"
  resolved "https://upsidetravel.jfrog.io/upsidetravel/api/npm/npm-virtual/unzip-stream/-/unzip-stream-0.3.0.tgz#c30c054cd6b0d64b13a23cd3ece911eb0b2b52d8"
  integrity sha1-wwwFTNaw1ksTojzT7OkR6wsrUtg=
  dependencies:
    binary "^0.3.0"
    mkdirp "^0.5.1"

uri-js@^4.2.2:
  version "4.2.2"
  resolved "https://upsidetravel.jfrog.io/upsidetravel/api/npm/npm-virtual/uri-js/-/uri-js-4.2.2.tgz#94c540e1ff772956e2299507c010aea6c8838eb0"
  integrity sha1-lMVA4f93KVbiKZUHwBCupsiDjrA=
  dependencies:
    punycode "^2.1.0"

uuid@^3.3.2:
  version "3.4.0"
  resolved "https://upsidetravel.jfrog.io/upsidetravel/api/npm/npm-virtual/uuid/-/uuid-3.4.0.tgz#b23e4358afa8a202fe7a100af1f5f883f02007ee"
  integrity sha1-sj5DWK+oogL+ehAK8fX4g/AgB+4=

verror@1.10.0:
  version "1.10.0"
  resolved "https://upsidetravel.jfrog.io/upsidetravel/api/npm/npm-virtual/verror/-/verror-1.10.0.tgz#3a105ca17053af55d6e270c1f8288682e18da400"
  integrity sha1-OhBcoXBTr1XW4nDB+CiGguGNpAA=
  dependencies:
    assert-plus "^1.0.0"
    core-util-is "1.0.2"
    extsprintf "^1.2.0"

which@^1.2.9, which@^1.3.1:
  version "1.3.1"
  resolved "https://upsidetravel.jfrog.io/upsidetravel/api/npm/npm-virtual/which/-/which-1.3.1.tgz#a45043d54f5805316da8d62f9f50918d3da70b0a"
  integrity sha1-pFBD1U9YBTFtqNYvn1CRjT2nCwo=
  dependencies:
    isexe "^2.0.0"

wrappy@1:
  version "1.0.2"
  resolved "https://upsidetravel.jfrog.io/upsidetravel/api/npm/npm-virtual/wrappy/-/wrappy-1.0.2.tgz#b5243d8f3ec1aa35f1364605bc0d1036e30ab69f"
  integrity sha1-tSQ9jz7BqjXxNkYFvA0QNuMKtp8=

ws@7.1.1:
  version "7.1.1"
  resolved "https://upsidetravel.jfrog.io/upsidetravel/api/npm/npm-virtual/ws/-/ws-7.1.1.tgz#f9942dc868b6dffb72c14fd8f2ba05f77a4d5983"
  integrity sha1-+ZQtyGi23/tywU/Y8roF93pNWYM=
  dependencies:
    async-limiter "^1.0.0"

yallist@^2.1.2:
  version "2.1.2"
  resolved "https://upsidetravel.jfrog.io/upsidetravel/api/npm/npm-virtual/yallist/-/yallist-2.1.2.tgz#1c11f9218f076089a47dd512f93c6699a6a81d52"
  integrity sha1-HBH5IY8HYImkfdUS+TxmmaaoHVI=

yallist@^3.0.0, yallist@^3.0.3:
  version "3.1.1"
  resolved "https://upsidetravel.jfrog.io/upsidetravel/api/npm/npm-virtual/yallist/-/yallist-3.1.1.tgz#dbb7daf9bfd8bac9ab45ebf602b8cbad0d5d08fd"
  integrity sha1-27fa+b/YusmrRev2ArjLrQ1dCP0=
